
Microsoft Visual Studio Solution File, Format Version 12.00
# Visual Studio Version 17
VisualStudioVersion = 17.8.34408.163
MinimumVisualStudioVersion = 10.0.40219.1
Project("{FAE04EC0-301F-11D3-BF4B-00C04F79EFBC}") = "AspNetKeyCloak", "AspNetKeyCloak.csproj", "{FBFBAE02-E300-4A1C-9143-586E92B068FB}"
EndProject
Global
	GlobalSection(SolutionConfigurationPlatforms) = preSolution
		Debug|Any CPU = Debug|Any CPU
		Release|Any CPU = Release|Any CPU
	EndGlobalSection
	GlobalSection(ProjectConfigurationPlatforms) = postSolution
		{FBFBAE02-E300-4A1C-9143-586E92B068FB}.Debug|Any CPU.ActiveCfg = Debug|Any CPU
		{FBFBAE02-E300-4A1C-9143-586E92B068FB}.Debug|Any CPU.Build.0 = Debug|Any CPU
		{FBFBAE02-E300-4A1C-9143-586E92B068FB}.Release|Any CPU.ActiveCfg = Release|Any CPU
		{FBFBAE02-E300-4A1C-9143-586E92B068FB}.Release|Any CPU.Build.0 = Release|Any CPU
	EndGlobalSection
	GlobalSection(SolutionProperties) = preSolution
		HideSolutionNode = FALSE
	EndGlobalSection
	GlobalSection(ExtensibilityGlobals) = postSolution
		SolutionGuid = {EDBDCCF8-1422-4CF9-9A10-FB8B77383BB7}
	EndGlobalSection
EndGlobal
